
Microsoft Visual Studio Solution File, Format Version 12.00
# Visual Studio Version 17
VisualStudioVersion = 17.0.31903.59
MinimumVisualStudioVersion = 10.0.40219.1
Project("{2150E333-8FDC-42A3-9474-1A3956D46DE8}") = "src", "src", "{99E62766-104C-47B4-B843-2F9915CFE972}"
EndProject
Project("{FAE04EC0-301F-11D3-BF4B-00C04F79EFBC}") = "ProximaLite.Domain", "src\ProximaLite.Domain\ProximaLite.Domain.csproj", "{4FBE7177-CDF4-423C-9117-3DC1A8C14357}"
EndProject
Project("{FAE04EC0-301F-11D3-BF4B-00C04F79EFBC}") = "ProximaLite.Infrastructure", "src\ProximaLite.Infrastructure\ProximaLite.Infrastructure.csproj", "{1DE1078B-DF65-4D3C-B186-13FDF150A885}"
EndProject
Project("{FAE04EC0-301F-11D3-BF4B-00C04F79EFBC}") = "ProximaLite.Web", "src\ProximaLite.Web\ProximaLite.Web.csproj", "{13632D91-5744-472F-9B80-C1656BA8FFB6}"
EndProject
Project("{2150E333-8FDC-42A3-9474-1A3956D46DE8}") = "tests", "tests", "{0F105687-9FB5-44C8-B088-1008B8F77402}"
EndProject
Project("{FAE04EC0-301F-11D3-BF4B-00C04F79EFBC}") = "ProximaLite.Tests", "tests\ProximaLite.Tests\ProximaLite.Tests.csproj", "{91A154B9-EC45-4D62-8976-FC4242830DDC}"
EndProject
Project("{FAE04EC0-301F-11D3-BF4B-00C04F79EFBC}") = "ProximaLite.SeleniumE2E", "tests\ProximaLite.SeleniumE2E\ProximaLite.SeleniumE2E.csproj", "{25228EB2-6ED5-4F3A-82B6-3AC1ABCE8D82}"
EndProject
Global
	GlobalSection(SolutionConfigurationPlatforms) = preSolution
		Debug|Any CPU = Debug|Any CPU
		Release|Any CPU = Release|Any CPU
	EndGlobalSection
	GlobalSection(SolutionProperties) = preSolution
		HideSolutionNode = FALSE
	EndGlobalSection
	GlobalSection(ProjectConfigurationPlatforms) = postSolution
		{4FBE7177-CDF4-423C-9117-3DC1A8C14357}.Debug|Any CPU.ActiveCfg = Debug|Any CPU
		{4FBE7177-CDF4-423C-9117-3DC1A8C14357}.Debug|Any CPU.Build.0 = Debug|Any CPU
		{4FBE7177-CDF4-423C-9117-3DC1A8C14357}.Release|Any CPU.ActiveCfg = Release|Any CPU
		{4FBE7177-CDF4-423C-9117-3DC1A8C14357}.Release|Any CPU.Build.0 = Release|Any CPU
		{1DE1078B-DF65-4D3C-B186-13FDF150A885}.Debug|Any CPU.ActiveCfg = Debug|Any CPU
		{1DE1078B-DF65-4D3C-B186-13FDF150A885}.Debug|Any CPU.Build.0 = Debug|Any CPU
		{1DE1078B-DF65-4D3C-B186-13FDF150A885}.Release|Any CPU.ActiveCfg = Release|Any CPU
		{1DE1078B-DF65-4D3C-B186-13FDF150A885}.Release|Any CPU.Build.0 = Release|Any CPU
		{13632D91-5744-472F-9B80-C1656BA8FFB6}.Debug|Any CPU.ActiveCfg = Debug|Any CPU
		{13632D91-5744-472F-9B80-C1656BA8FFB6}.Debug|Any CPU.Build.0 = Debug|Any CPU
		{13632D91-5744-472F-9B80-C1656BA8FFB6}.Release|Any CPU.ActiveCfg = Release|Any CPU
		{13632D91-5744-472F-9B80-C1656BA8FFB6}.Release|Any CPU.Build.0 = Release|Any CPU
		{91A154B9-EC45-4D62-8976-FC4242830DDC}.Debug|Any CPU.ActiveCfg = Debug|Any CPU
		{91A154B9-EC45-4D62-8976-FC4242830DDC}.Debug|Any CPU.Build.0 = Debug|Any CPU
		{91A154B9-EC45-4D62-8976-FC4242830DDC}.Release|Any CPU.ActiveCfg = Release|Any CPU
		{91A154B9-EC45-4D62-8976-FC4242830DDC}.Release|Any CPU.Build.0 = Release|Any CPU
		{25228EB2-6ED5-4F3A-82B6-3AC1ABCE8D82}.Debug|Any CPU.ActiveCfg = Debug|Any CPU
		{25228EB2-6ED5-4F3A-82B6-3AC1ABCE8D82}.Debug|Any CPU.Build.0 = Debug|Any CPU
		{25228EB2-6ED5-4F3A-82B6-3AC1ABCE8D82}.Release|Any CPU.ActiveCfg = Release|Any CPU
		{25228EB2-6ED5-4F3A-82B6-3AC1ABCE8D82}.Release|Any CPU.Build.0 = Release|Any CPU
	EndGlobalSection
	GlobalSection(NestedProjects) = preSolution
		{4FBE7177-CDF4-423C-9117-3DC1A8C14357} = {99E62766-104C-47B4-B843-2F9915CFE972}
		{1DE1078B-DF65-4D3C-B186-13FDF150A885} = {99E62766-104C-47B4-B843-2F9915CFE972}
		{13632D91-5744-472F-9B80-C1656BA8FFB6} = {99E62766-104C-47B4-B843-2F9915CFE972}
		{91A154B9-EC45-4D62-8976-FC4242830DDC} = {0F105687-9FB5-44C8-B088-1008B8F77402}
		{25228EB2-6ED5-4F3A-82B6-3AC1ABCE8D82} = {0F105687-9FB5-44C8-B088-1008B8F77402}
	EndGlobalSection
EndGlobal
